
Microsoft Visual Studio Solution File, Format Version 12.00
# Visual Studio 2012
Project("{8BC9CEB8-8B4A-11D0-8D11-00A0C91BC942}") = "ActMon", "ActMon\ActMon.vcxproj", "{71AB5032-0E56-49CA-88FC-C7A791DA5951}"
EndProject
Project("{8BC9CEB8-8B4A-11D0-8D11-00A0C91BC942}") = "MonDll32", "MonDll32\MonDll32.vcxproj", "{4E6DEBFA-0DC5-4ABB-ADED-1E8D0DEE79BB}"
EndProject
Project("{8BC9CEB8-8B4A-11D0-8D11-00A0C91BC942}") = "MonDll64", "MonDll64\MonDll64.vcxproj", "{921FD909-A94A-478C-88BF-26CAC4E515B3}"
EndProject
Project("{2150E333-8FDC-42A3-9474-1A3956D46DE8}") = "Test", "Test", "{D93D83C3-1EFA-4285-ADE1-D8BEEA6448D5}"
EndProject
Project("{8BC9CEB8-8B4A-11D0-8D11-00A0C91BC942}") = "TestMonDll32", "TestMonDll32\TestMonDll32.vcxproj", "{7D213A9C-DB0B-4588-A48F-01EA1748F072}"
EndProject
Project("{8BC9CEB8-8B4A-11D0-8D11-00A0C91BC942}") = "TestMonDll64", "TestMonDll64\TestMonDll64.vcxproj", "{A9ED0FA4-9F30-4626-BC35-91399E2F9FC0}"
EndProject
Project("{8BC9CEB8-8B4A-11D0-8D11-00A0C91BC942}") = "MonInject64", "MonInject\MonInject.vcxproj", "{B0E04219-3BAC-435B-84D3-421D2909132A}"
EndProject
Project("{2150E333-8FDC-42A3-9474-1A3956D46DE8}") = "Example", "Example", "{9828F226-ED0A-4B00-8267-F6092F3E950A}"
EndProject
Project("{2150E333-8FDC-42A3-9474-1A3956D46DE8}") = "Document", "Document", "{CCC43DE6-39B3-499D-808B-1EC2995841A3}"
	ProjectSection(SolutionItems) = preProject
		ReadMe.txt = ReadMe.txt
	EndProjectSection
EndProject
Project("{8BC9CEB8-8B4A-11D0-8D11-00A0C91BC942}") = "UnloadDll64", "UnloadDll64\UnloadDll64.vcxproj", "{F7BC8408-1073-44D1-9B4E-6D0C0B2C10AE}"
EndProject
Project("{8BC9CEB8-8B4A-11D0-8D11-00A0C91BC942}") = "MonInject32", "MonInject32\MonInject32.vcxproj", "{31590C38-B5CF-493C-B439-B94F6D094B11}"
EndProject
Project("{8BC9CEB8-8B4A-11D0-8D11-00A0C91BC942}") = "UnloadDll32", "UnloadDll32\UnloadDll32.vcxproj", "{3936AB34-ECA9-4ADD-B8ED-0F001C7934B2}"
EndProject
Project("{8BC9CEB8-8B4A-11D0-8D11-00A0C91BC942}") = "UsMon", "UsMon\UsMon.vcxproj", "{39892755-EC01-4F27-BF39-CBA9052D64B1}"
EndProject
Project("{8BC9CEB8-8B4A-11D0-8D11-00A0C91BC942}") = "DuiVision.2010", "DuiVision\DuiVision.2010.vcxproj", "{956C8DD0-B286-44FE-B190-7C3666CB6645}"
EndProject
Project("{8BC9CEB8-8B4A-11D0-8D11-00A0C91BC942}") = "HideInject", "HideInject\HideInject.vcxproj", "{19830A3D-0839-4899-A2E6-B72211EE70D9}"
EndProject
Project("{8BC9CEB8-8B4A-11D0-8D11-00A0C91BC942}") = "TestAPI", "TestAPI\TestAPI.vcxproj", "{8481577B-5B08-4CD9-8C98-9ABC126A8C51}"
EndProject
Project("{8BC9CEB8-8B4A-11D0-8D11-00A0C91BC942}") = "ShutDown", "ShutDown\ShutDown.vcxproj", "{A815E3C8-D4F9-40F7-9839-E86E57B79AB6}"
EndProject
Project("{8BC9CEB8-8B4A-11D0-8D11-00A0C91BC942}") = "Action", "Action\Action.vcxproj", "{3FDAF93C-7DDF-4435-877D-F5E64C4112E7}"
EndProject
Project("{8BC9CEB8-8B4A-11D0-8D11-00A0C91BC942}") = "trojan", "trojan\trojan.vcxproj", "{81B7C5D3-D6CF-45AF-ADA8-93D055E1201C}"
EndProject
Project("{8BC9CEB8-8B4A-11D0-8D11-00A0C91BC942}") = "FileOperation", "FileOperation\FileOperation.vcxproj", "{954581D8-7594-4B4D-9CB6-54593AE111A4}"
EndProject
Project("{8BC9CEB8-8B4A-11D0-8D11-00A0C91BC942}") = "RegOperation", "RegOperation\RegOperation.vcxproj", "{500AD8FD-0C4E-487E-A2F1-AC04B631BE93}"
EndProject
Project("{8BC9CEB8-8B4A-11D0-8D11-00A0C91BC942}") = "ProcessOperation", "ProcessOperation\ProcessOperation.vcxproj", "{837DBFE8-C874-4800-8639-7DE21E1CEF24}"
EndProject
Project("{8BC9CEB8-8B4A-11D0-8D11-00A0C91BC942}") = "NetworkOperation", "NetworkOperation\NetworkOperation.vcxproj", "{8B924905-F777-4008-9B57-6AE211A87E19}"
EndProject
Project("{8BC9CEB8-8B4A-11D0-8D11-00A0C91BC942}") = "SysMonsTray", "SysMonsTray\SysMonsTray.vcxproj", "{E2B0E0B7-A3D5-445D-AEE3-997FD4C3A382}"
EndProject
Global
	GlobalSection(SolutionConfigurationPlatforms) = preSolution
		Debug|Win32 = Debug|Win32
		Release|Win32 = Release|Win32
		Release-StaticMFC|Win32 = Release-StaticMFC|Win32
	EndGlobalSection
	GlobalSection(ProjectConfigurationPlatforms) = postSolution
		{71AB5032-0E56-49CA-88FC-C7A791DA5951}.Debug|Win32.ActiveCfg = Debug|Win32
		{71AB5032-0E56-49CA-88FC-C7A791DA5951}.Debug|Win32.Build.0 = Debug|Win32
		{71AB5032-0E56-49CA-88FC-C7A791DA5951}.Release|Win32.ActiveCfg = Release|Win32
		{71AB5032-0E56-49CA-88FC-C7A791DA5951}.Release|Win32.Build.0 = Release|Win32
		{71AB5032-0E56-49CA-88FC-C7A791DA5951}.Release-StaticMFC|Win32.ActiveCfg = Release|Win32
		{71AB5032-0E56-49CA-88FC-C7A791DA5951}.Release-StaticMFC|Win32.Build.0 = Release|Win32
		{4E6DEBFA-0DC5-4ABB-ADED-1E8D0DEE79BB}.Debug|Win32.ActiveCfg = Debug|Win32
		{4E6DEBFA-0DC5-4ABB-ADED-1E8D0DEE79BB}.Debug|Win32.Build.0 = Debug|Win32
		{4E6DEBFA-0DC5-4ABB-ADED-1E8D0DEE79BB}.Release|Win32.ActiveCfg = Release|Win32
		{4E6DEBFA-0DC5-4ABB-ADED-1E8D0DEE79BB}.Release|Win32.Build.0 = Release|Win32
		{4E6DEBFA-0DC5-4ABB-ADED-1E8D0DEE79BB}.Release-StaticMFC|Win32.ActiveCfg = Release|Win32
		{4E6DEBFA-0DC5-4ABB-ADED-1E8D0DEE79BB}.Release-StaticMFC|Win32.Build.0 = Release|Win32
		{921FD909-A94A-478C-88BF-26CAC4E515B3}.Debug|Win32.ActiveCfg = Debug|x64
		{921FD909-A94A-478C-88BF-26CAC4E515B3}.Debug|Win32.Build.0 = Debug|x64
		{921FD909-A94A-478C-88BF-26CAC4E515B3}.Release|Win32.ActiveCfg = Release|x64
		{921FD909-A94A-478C-88BF-26CAC4E515B3}.Release|Win32.Build.0 = Release|x64
		{921FD909-A94A-478C-88BF-26CAC4E515B3}.Release-StaticMFC|Win32.ActiveCfg = Release|x64
		{7D213A9C-DB0B-4588-A48F-01EA1748F072}.Debug|Win32.ActiveCfg = Debug|Win32
		{7D213A9C-DB0B-4588-A48F-01EA1748F072}.Debug|Win32.Build.0 = Debug|Win32
		{7D213A9C-DB0B-4588-A48F-01EA1748F072}.Release|Win32.ActiveCfg = Release|Win32
		{7D213A9C-DB0B-4588-A48F-01EA1748F072}.Release|Win32.Build.0 = Release|Win32
		{7D213A9C-DB0B-4588-A48F-01EA1748F072}.Release-StaticMFC|Win32.ActiveCfg = Release|Win32
		{7D213A9C-DB0B-4588-A48F-01EA1748F072}.Release-StaticMFC|Win32.Build.0 = Release|Win32
		{A9ED0FA4-9F30-4626-BC35-91399E2F9FC0}.Debug|Win32.ActiveCfg = Debug|Win32
		{A9ED0FA4-9F30-4626-BC35-91399E2F9FC0}.Debug|Win32.Build.0 = Debug|Win32
		{A9ED0FA4-9F30-4626-BC35-91399E2F9FC0}.Release|Win32.ActiveCfg = Release|x64
		{A9ED0FA4-9F30-4626-BC35-91399E2F9FC0}.Release|Win32.Build.0 = Release|x64
		{A9ED0FA4-9F30-4626-BC35-91399E2F9FC0}.Release-StaticMFC|Win32.ActiveCfg = Release|x64
		{B0E04219-3BAC-435B-84D3-421D2909132A}.Debug|Win32.ActiveCfg = Debug|x64
		{B0E04219-3BAC-435B-84D3-421D2909132A}.Debug|Win32.Build.0 = Debug|x64
		{B0E04219-3BAC-435B-84D3-421D2909132A}.Release|Win32.ActiveCfg = Release|x64
		{B0E04219-3BAC-435B-84D3-421D2909132A}.Release|Win32.Build.0 = Release|x64
		{B0E04219-3BAC-435B-84D3-421D2909132A}.Release-StaticMFC|Win32.ActiveCfg = Release|x64
		{F7BC8408-1073-44D1-9B4E-6D0C0B2C10AE}.Debug|Win32.ActiveCfg = Debug|x64
		{F7BC8408-1073-44D1-9B4E-6D0C0B2C10AE}.Debug|Win32.Build.0 = Debug|x64
		{F7BC8408-1073-44D1-9B4E-6D0C0B2C10AE}.Release|Win32.ActiveCfg = Debug|x64
		{F7BC8408-1073-44D1-9B4E-6D0C0B2C10AE}.Release|Win32.Build.0 = Debug|x64
		{F7BC8408-1073-44D1-9B4E-6D0C0B2C10AE}.Release-StaticMFC|Win32.ActiveCfg = Release|Win32
		{F7BC8408-1073-44D1-9B4E-6D0C0B2C10AE}.Release-StaticMFC|Win32.Build.0 = Release|Win32
		{31590C38-B5CF-493C-B439-B94F6D094B11}.Debug|Win32.ActiveCfg = Debug|Win32
		{31590C38-B5CF-493C-B439-B94F6D094B11}.Debug|Win32.Build.0 = Debug|Win32
		{31590C38-B5CF-493C-B439-B94F6D094B11}.Release|Win32.ActiveCfg = Release|Win32
		{31590C38-B5CF-493C-B439-B94F6D094B11}.Release|Win32.Build.0 = Release|Win32
		{31590C38-B5CF-493C-B439-B94F6D094B11}.Release-StaticMFC|Win32.ActiveCfg = Release|Win32
		{31590C38-B5CF-493C-B439-B94F6D094B11}.Release-StaticMFC|Win32.Build.0 = Release|Win32
		{3936AB34-ECA9-4ADD-B8ED-0F001C7934B2}.Debug|Win32.ActiveCfg = Debug|Win32
		{3936AB34-ECA9-4ADD-B8ED-0F001C7934B2}.Debug|Win32.Build.0 = Debug|Win32
		{3936AB34-ECA9-4ADD-B8ED-0F001C7934B2}.Release|Win32.ActiveCfg = Release|Win32
		{3936AB34-ECA9-4ADD-B8ED-0F001C7934B2}.Release|Win32.Build.0 = Release|Win32
		{3936AB34-ECA9-4ADD-B8ED-0F001C7934B2}.Release-StaticMFC|Win32.ActiveCfg = Release|Win32
		{3936AB34-ECA9-4ADD-B8ED-0F001C7934B2}.Release-StaticMFC|Win32.Build.0 = Release|Win32
		{39892755-EC01-4F27-BF39-CBA9052D64B1}.Debug|Win32.ActiveCfg = Debug|Win32
		{39892755-EC01-4F27-BF39-CBA9052D64B1}.Debug|Win32.Build.0 = Debug|Win32
		{39892755-EC01-4F27-BF39-CBA9052D64B1}.Release|Win32.ActiveCfg = Release|Win32
		{39892755-EC01-4F27-BF39-CBA9052D64B1}.Release|Win32.Build.0 = Release|Win32
		{39892755-EC01-4F27-BF39-CBA9052D64B1}.Release-StaticMFC|Win32.ActiveCfg = Release|Win32
		{39892755-EC01-4F27-BF39-CBA9052D64B1}.Release-StaticMFC|Win32.Build.0 = Release|Win32
		{956C8DD0-B286-44FE-B190-7C3666CB6645}.Debug|Win32.ActiveCfg = Debug|Win32
		{956C8DD0-B286-44FE-B190-7C3666CB6645}.Debug|Win32.Build.0 = Debug|Win32
		{956C8DD0-B286-44FE-B190-7C3666CB6645}.Release|Win32.ActiveCfg = Release|Win32
		{956C8DD0-B286-44FE-B190-7C3666CB6645}.Release|Win32.Build.0 = Release|Win32
		{956C8DD0-B286-44FE-B190-7C3666CB6645}.Release-StaticMFC|Win32.ActiveCfg = Release-StaticMFC|Win32
		{956C8DD0-B286-44FE-B190-7C3666CB6645}.Release-StaticMFC|Win32.Build.0 = Release-StaticMFC|Win32
		{19830A3D-0839-4899-A2E6-B72211EE70D9}.Debug|Win32.ActiveCfg = Debug|Win32
		{19830A3D-0839-4899-A2E6-B72211EE70D9}.Debug|Win32.Build.0 = Debug|Win32
		{19830A3D-0839-4899-A2E6-B72211EE70D9}.Debug|Win32.Deploy.0 = Debug|Win32
		{19830A3D-0839-4899-A2E6-B72211EE70D9}.Release|Win32.ActiveCfg = Release|Win32
		{19830A3D-0839-4899-A2E6-B72211EE70D9}.Release|Win32.Build.0 = Release|Win32
		{19830A3D-0839-4899-A2E6-B72211EE70D9}.Release|Win32.Deploy.0 = Release|Win32
		{19830A3D-0839-4899-A2E6-B72211EE70D9}.Release-StaticMFC|Win32.ActiveCfg = Release|Win32
		{19830A3D-0839-4899-A2E6-B72211EE70D9}.Release-StaticMFC|Win32.Build.0 = Release|Win32
		{19830A3D-0839-4899-A2E6-B72211EE70D9}.Release-StaticMFC|Win32.Deploy.0 = Release|Win32
		{8481577B-5B08-4CD9-8C98-9ABC126A8C51}.Debug|Win32.ActiveCfg = Debug|x64
		{8481577B-5B08-4CD9-8C98-9ABC126A8C51}.Debug|Win32.Build.0 = Debug|x64
		{8481577B-5B08-4CD9-8C98-9ABC126A8C51}.Debug|Win32.Deploy.0 = Debug|x64
		{8481577B-5B08-4CD9-8C98-9ABC126A8C51}.Release|Win32.ActiveCfg = Release|Win32
		{8481577B-5B08-4CD9-8C98-9ABC126A8C51}.Release|Win32.Build.0 = Release|Win32
		{8481577B-5B08-4CD9-8C98-9ABC126A8C51}.Release|Win32.Deploy.0 = Release|Win32
		{8481577B-5B08-4CD9-8C98-9ABC126A8C51}.Release-StaticMFC|Win32.ActiveCfg = Release|Win32
		{8481577B-5B08-4CD9-8C98-9ABC126A8C51}.Release-StaticMFC|Win32.Build.0 = Release|Win32
		{8481577B-5B08-4CD9-8C98-9ABC126A8C51}.Release-StaticMFC|Win32.Deploy.0 = Release|Win32
		{A815E3C8-D4F9-40F7-9839-E86E57B79AB6}.Debug|Win32.ActiveCfg = Debug|Win32
		{A815E3C8-D4F9-40F7-9839-E86E57B79AB6}.Debug|Win32.Build.0 = Debug|Win32
		{A815E3C8-D4F9-40F7-9839-E86E57B79AB6}.Debug|Win32.Deploy.0 = Debug|Win32
		{A815E3C8-D4F9-40F7-9839-E86E57B79AB6}.Release|Win32.ActiveCfg = Release|Win32
		{A815E3C8-D4F9-40F7-9839-E86E57B79AB6}.Release|Win32.Build.0 = Release|Win32
		{A815E3C8-D4F9-40F7-9839-E86E57B79AB6}.Release|Win32.Deploy.0 = Release|Win32
		{A815E3C8-D4F9-40F7-9839-E86E57B79AB6}.Release-StaticMFC|Win32.ActiveCfg = Release|Win32
		{A815E3C8-D4F9-40F7-9839-E86E57B79AB6}.Release-StaticMFC|Win32.Build.0 = Release|Win32
		{A815E3C8-D4F9-40F7-9839-E86E57B79AB6}.Release-StaticMFC|Win32.Deploy.0 = Release|Win32
		{3FDAF93C-7DDF-4435-877D-F5E64C4112E7}.Debug|Win32.ActiveCfg = Debug|Win32
		{3FDAF93C-7DDF-4435-877D-F5E64C4112E7}.Debug|Win32.Build.0 = Debug|Win32
		{3FDAF93C-7DDF-4435-877D-F5E64C4112E7}.Debug|Win32.Deploy.0 = Debug|Win32
		{3FDAF93C-7DDF-4435-877D-F5E64C4112E7}.Release|Win32.ActiveCfg = Release|Win32
		{3FDAF93C-7DDF-4435-877D-F5E64C4112E7}.Release|Win32.Build.0 = Release|Win32
		{3FDAF93C-7DDF-4435-877D-F5E64C4112E7}.Release|Win32.Deploy.0 = Release|Win32
		{3FDAF93C-7DDF-4435-877D-F5E64C4112E7}.Release-StaticMFC|Win32.ActiveCfg = Release|Win32
		{3FDAF93C-7DDF-4435-877D-F5E64C4112E7}.Release-StaticMFC|Win32.Build.0 = Release|Win32
		{3FDAF93C-7DDF-4435-877D-F5E64C4112E7}.Release-StaticMFC|Win32.Deploy.0 = Release|Win32
		{81B7C5D3-D6CF-45AF-ADA8-93D055E1201C}.Debug|Win32.ActiveCfg = Release|Win32
		{81B7C5D3-D6CF-45AF-ADA8-93D055E1201C}.Debug|Win32.Build.0 = Release|Win32
		{81B7C5D3-D6CF-45AF-ADA8-93D055E1201C}.Debug|Win32.Deploy.0 = Release|Win32
		{81B7C5D3-D6CF-45AF-ADA8-93D055E1201C}.Release|Win32.ActiveCfg = Release|Win32
		{81B7C5D3-D6CF-45AF-ADA8-93D055E1201C}.Release|Win32.Build.0 = Release|Win32
		{81B7C5D3-D6CF-45AF-ADA8-93D055E1201C}.Release|Win32.Deploy.0 = Release|Win32
		{81B7C5D3-D6CF-45AF-ADA8-93D055E1201C}.Release-StaticMFC|Win32.ActiveCfg = Release|Win32
		{81B7C5D3-D6CF-45AF-ADA8-93D055E1201C}.Release-StaticMFC|Win32.Build.0 = Release|Win32
		{81B7C5D3-D6CF-45AF-ADA8-93D055E1201C}.Release-StaticMFC|Win32.Deploy.0 = Release|Win32
		{954581D8-7594-4B4D-9CB6-54593AE111A4}.Debug|Win32.ActiveCfg = Debug|Win32
		{954581D8-7594-4B4D-9CB6-54593AE111A4}.Debug|Win32.Build.0 = Debug|Win32
		{954581D8-7594-4B4D-9CB6-54593AE111A4}.Debug|Win32.Deploy.0 = Debug|Win32
		{954581D8-7594-4B4D-9CB6-54593AE111A4}.Release|Win32.ActiveCfg = Release|Win32
		{954581D8-7594-4B4D-9CB6-54593AE111A4}.Release|Win32.Build.0 = Release|Win32
		{954581D8-7594-4B4D-9CB6-54593AE111A4}.Release|Win32.Deploy.0 = Release|Win32
		{954581D8-7594-4B4D-9CB6-54593AE111A4}.Release-StaticMFC|Win32.ActiveCfg = Release|Win32
		{954581D8-7594-4B4D-9CB6-54593AE111A4}.Release-StaticMFC|Win32.Build.0 = Release|Win32
		{954581D8-7594-4B4D-9CB6-54593AE111A4}.Release-StaticMFC|Win32.Deploy.0 = Release|Win32
		{500AD8FD-0C4E-487E-A2F1-AC04B631BE93}.Debug|Win32.ActiveCfg = Debug|Win32
		{500AD8FD-0C4E-487E-A2F1-AC04B631BE93}.Debug|Win32.Build.0 = Debug|Win32
		{500AD8FD-0C4E-487E-A2F1-AC04B631BE93}.Debug|Win32.Deploy.0 = Debug|Win32
		{500AD8FD-0C4E-487E-A2F1-AC04B631BE93}.Release|Win32.ActiveCfg = Release|Win32
		{500AD8FD-0C4E-487E-A2F1-AC04B631BE93}.Release|Win32.Build.0 = Release|Win32
		{500AD8FD-0C4E-487E-A2F1-AC04B631BE93}.Release|Win32.Deploy.0 = Release|Win32
		{500AD8FD-0C4E-487E-A2F1-AC04B631BE93}.Release-StaticMFC|Win32.ActiveCfg = Release|Win32
		{500AD8FD-0C4E-487E-A2F1-AC04B631BE93}.Release-StaticMFC|Win32.Build.0 = Release|Win32
		{500AD8FD-0C4E-487E-A2F1-AC04B631BE93}.Release-StaticMFC|Win32.Deploy.0 = Release|Win32
		{837DBFE8-C874-4800-8639-7DE21E1CEF24}.Debug|Win32.ActiveCfg = Debug|x64
		{837DBFE8-C874-4800-8639-7DE21E1CEF24}.Debug|Win32.Build.0 = Debug|x64
		{837DBFE8-C874-4800-8639-7DE21E1CEF24}.Debug|Win32.Deploy.0 = Debug|x64
		{837DBFE8-C874-4800-8639-7DE21E1CEF24}.Release|Win32.ActiveCfg = Release|Win32
		{837DBFE8-C874-4800-8639-7DE21E1CEF24}.Release|Win32.Build.0 = Release|Win32
		{837DBFE8-C874-4800-8639-7DE21E1CEF24}.Release|Win32.Deploy.0 = Release|Win32
		{837DBFE8-C874-4800-8639-7DE21E1CEF24}.Release-StaticMFC|Win32.ActiveCfg = Release|Win32
		{837DBFE8-C874-4800-8639-7DE21E1CEF24}.Release-StaticMFC|Win32.Build.0 = Release|Win32
		{837DBFE8-C874-4800-8639-7DE21E1CEF24}.Release-StaticMFC|Win32.Deploy.0 = Release|Win32
		{8B924905-F777-4008-9B57-6AE211A87E19}.Debug|Win32.ActiveCfg = Debug|Win32
		{8B924905-F777-4008-9B57-6AE211A87E19}.Debug|Win32.Build.0 = Debug|Win32
		{8B924905-F777-4008-9B57-6AE211A87E19}.Debug|Win32.Deploy.0 = Debug|Win32
		{8B924905-F777-4008-9B57-6AE211A87E19}.Release|Win32.ActiveCfg = Release|Win32
		{8B924905-F777-4008-9B57-6AE211A87E19}.Release|Win32.Build.0 = Release|Win32
		{8B924905-F777-4008-9B57-6AE211A87E19}.Release|Win32.Deploy.0 = Release|Win32
		{8B924905-F777-4008-9B57-6AE211A87E19}.Release-StaticMFC|Win32.ActiveCfg = Release|Win32
		{8B924905-F777-4008-9B57-6AE211A87E19}.Release-StaticMFC|Win32.Build.0 = Release|Win32
		{8B924905-F777-4008-9B57-6AE211A87E19}.Release-StaticMFC|Win32.Deploy.0 = Release|Win32
		{E2B0E0B7-A3D5-445D-AEE3-997FD4C3A382}.Debug|Win32.ActiveCfg = Debug|x64
		{E2B0E0B7-A3D5-445D-AEE3-997FD4C3A382}.Debug|Win32.Build.0 = Debug|x64
		{E2B0E0B7-A3D5-445D-AEE3-997FD4C3A382}.Debug|Win32.Deploy.0 = Debug|x64
		{E2B0E0B7-A3D5-445D-AEE3-997FD4C3A382}.Release|Win32.ActiveCfg = Release|Win32
		{E2B0E0B7-A3D5-445D-AEE3-997FD4C3A382}.Release|Win32.Build.0 = Release|Win32
		{E2B0E0B7-A3D5-445D-AEE3-997FD4C3A382}.Release|Win32.Deploy.0 = Release|Win32
		{E2B0E0B7-A3D5-445D-AEE3-997FD4C3A382}.Release-StaticMFC|Win32.ActiveCfg = Release|Win32
		{E2B0E0B7-A3D5-445D-AEE3-997FD4C3A382}.Release-StaticMFC|Win32.Build.0 = Release|Win32
		{E2B0E0B7-A3D5-445D-AEE3-997FD4C3A382}.Release-StaticMFC|Win32.Deploy.0 = Release|Win32
	EndGlobalSection
	GlobalSection(SolutionProperties) = preSolution
		HideSolutionNode = FALSE
	EndGlobalSection
	GlobalSection(NestedProjects) = preSolution
		{7D213A9C-DB0B-4588-A48F-01EA1748F072} = {D93D83C3-1EFA-4285-ADE1-D8BEEA6448D5}
		{A9ED0FA4-9F30-4626-BC35-91399E2F9FC0} = {D93D83C3-1EFA-4285-ADE1-D8BEEA6448D5}
		{8481577B-5B08-4CD9-8C98-9ABC126A8C51} = {D93D83C3-1EFA-4285-ADE1-D8BEEA6448D5}
		{A815E3C8-D4F9-40F7-9839-E86E57B79AB6} = {D93D83C3-1EFA-4285-ADE1-D8BEEA6448D5}
		{3FDAF93C-7DDF-4435-877D-F5E64C4112E7} = {D93D83C3-1EFA-4285-ADE1-D8BEEA6448D5}
		{81B7C5D3-D6CF-45AF-ADA8-93D055E1201C} = {D93D83C3-1EFA-4285-ADE1-D8BEEA6448D5}
		{954581D8-7594-4B4D-9CB6-54593AE111A4} = {D93D83C3-1EFA-4285-ADE1-D8BEEA6448D5}
		{500AD8FD-0C4E-487E-A2F1-AC04B631BE93} = {D93D83C3-1EFA-4285-ADE1-D8BEEA6448D5}
		{837DBFE8-C874-4800-8639-7DE21E1CEF24} = {D93D83C3-1EFA-4285-ADE1-D8BEEA6448D5}
		{8B924905-F777-4008-9B57-6AE211A87E19} = {D93D83C3-1EFA-4285-ADE1-D8BEEA6448D5}
		{E2B0E0B7-A3D5-445D-AEE3-997FD4C3A382} = {D93D83C3-1EFA-4285-ADE1-D8BEEA6448D5}
	EndGlobalSection
EndGlobal
